{
  "object": {
    "pins": [
      {
        "package": "Cache",
        "repositoryURL": "https://github.com/hyperoslo/Cache",
        "state": {
          "branch": null,
          "revision": "c7f4d633049c3bd649a353bad36f6c17e9df085f",
          "version": "6.0.0"
        }
      },
      {
        "package": "GDCWebServer",
        "repositoryURL": "https://github.com/yene/GCDWebServer",
        "state": {
          "branch": null,
          "revision": "144cc9fe3c7559d50f30abcecbcf910153c6d245",
          "version": "3.5.4"
        }
      }
    ]
  },
  "version": 1
}
