{
  "pins" : [
    {
      "identity" : "cache",
      "kind" : "remoteSourceControl",
      "location" : "https://github.com/hyperoslo/Cache",
      "state" : {
        "revision" : "c7f4d633049c3bd649a353bad36f6c17e9df085f",
        "version" : "6.0.0"
      }
    },
    {
      "identity" : "gcdwebserver",
      "kind" : "remoteSourceControl",
      "location" : "https://github.com/yene/GCDWebServer",
      "state" : {
        "revision" : "c2f837b30038ef716b77225f40cc8d104b6ff645",
        "version" : "3.5.7"
      }
    }
  ],
  "version" : 2
}
