{
  "originHash" : "9e7d795723548d669fb99ae66e4b3a9c38f695db2c362506094c6df5510789d5",
  "pins" : [
    {
      "identity" : "cache",
      "kind" : "remoteSourceControl",
      "location" : "https://github.com/hyperoslo/Cache",
      "state" : {
        "revision" : "24e47109e31b2031cb26e25cc1b81b607496066c",
        "version" : "7.4.0"
      }
    },
    {
      "identity" : "gcdwebserver",
      "kind" : "remoteSourceControl",
      "location" : "https://github.com/yene/GCDWebServer",
      "state" : {
        "revision" : "c2f837b30038ef716b77225f40cc8d104b6ff645",
        "version" : "3.5.7"
      }
    }
  ],
  "version" : 3
}
